dependencies:
- name: istiod
  repository: https://istio-release.storage.googleapis.com/charts
  version: 1.17.1
- name: base
  repository: https://istio-release.storage.googleapis.com/charts
  version: 1.17.1
- name: gateway
  repository: https://istio-release.storage.googleapis.com/charts
  version: 1.17.1
digest: sha256:b959583c29126cba2c32faef6ba1981edbc1df2ef7db8d28f51d9e7b8d8d3836
generated: "2023-08-11T10:48:39.917047577+03:00"
