dependencies:
- name: alloy
  repository: https://grafana.github.io/helm-charts
  version: 1.8.1
- name: alloy
  repository: https://grafana.github.io/helm-charts
  version: 1.8.1
- name: alloy
  repository: https://grafana.github.io/helm-charts
  version: 1.8.1
digest: sha256:9209c91a11ef5e279e17f91c6555a4d687dec1ca3b14a4e23ee3791768364690
generated: "2026-06-02T13:59:50.956288+03:00"
