dependencies:
- name: alloy
  repository: https://grafana.github.io/helm-charts
  version: 1.8.2
- name: alloy
  repository: https://grafana.github.io/helm-charts
  version: 1.8.2
- name: alloy
  repository: https://grafana.github.io/helm-charts
  version: 1.8.2
digest: sha256:70f7f85058d6fbea7ef89fdb2215697a9efbddec4966db41cf9e7d683834285a
generated: "2026-06-05T12:18:53.746437+03:00"
