dependencies:
- name: argo-cd
  repository: https://argoproj.github.io/argo-helm
  version: 9.5.15
- name: argocd-apps
  repository: https://argoproj.github.io/argo-helm
  version: 2.0.5
digest: sha256:8fa622a4ed455a85736d572bb2db468ab2c52ac2c3be01dae47224421173488e
generated: "2026-05-26T07:16:07.76155651Z"
