dependencies:
- name: argo-cd
  repository: https://argoproj.github.io/argo-helm
  version: 10.3.3
- name: argocd-apps
  repository: https://argoproj.github.io/argo-helm
  version: 2.0.5
digest: sha256:bb7762c2f98eee717415ca3f91a2d93157c61575cb695d3510699ddd1212e4a4
generated: "2026-08-17T07:13:35.638202085Z"
