dependencies:
- name: argo-cd
  repository: https://argoproj.github.io/argo-helm
  version: 10.3.1
- name: argocd-apps
  repository: https://argoproj.github.io/argo-helm
  version: 2.0.5
digest: sha256:ce4087355825937c584bbc9b1eec714ddb0519dd7e6c6f69b24ea256d74a5fd0
generated: "2026-08-10T06:57:13.513500102Z"
